// !$*UTF8*$!
{
	archiveVersion = 1;
	classes = {
	};
	objectVersion = 77;
	objects = {

/* Begin PBXContainerItemProxy section */
		57B70B4B2D8434C50014194A /* PBXContainerItemProxy */ = {
			isa = PBXContainerItemProxy;
			containerPortal = 57B70B312D8434C40014194A /* Project object */;
			proxyType = 1;
			remoteGlobalIDString = 57B70B382D8434C40014194A;
			remoteInfo = MonteCristoQuotes;
		};
		57B70B552D8434C50014194A /* PBXContainerItemProxy */ = {
			isa = PBXContainerItemProxy;
			containerPortal = 57B70B312D8434C40014194A /* Project object */;
			proxyType = 1;
			remoteGlobalIDString = 57B70B382D8434C40014194A;
			remoteInfo = MonteCristoQuotes;
		};
/* End PBXContainerItemProxy section */

/* Begin PBXFileReference section */
		57B70B392D8434C40014194A /* Cristo Quotes.app */ = {isa = PBXFileReference; explicitFileType = wrapper.application; includeInIndex = 0; path = "Cristo Quotes.app"; sourceTree = BUILT_PRODUCTS_DIR; };
		57B70B4A2D8434C50014194A /* Cristo QuotesTests.xctest */ = {isa = PBXFileReference; explicitFileType = wrapper.cfbundle; includeInIndex = 0; path = "Cristo QuotesTests.xctest"; sourceTree = BUILT_PRODUCTS_DIR; };
		57B70B542D8434C50014194A /* Cristo QuotesUITests.xctest */ = {isa = PBXFileReference; explicitFileType = wrapper.cfbundle; includeInIndex = 0; path = "Cristo QuotesUITests.xctest"; sourceTree = BUILT_PRODUCTS_DIR; };
/* End PBXFileReference section */

/* Begin PBXFileSystemSynchronizedRootGroup section */
		57B70B3B2D8434C40014194A /* MonteCristoQuotes */ = {
			isa = PBXFileSystemSynchronizedRootGroup;
			path = MonteCristoQuotes;
			sourceTree = "<group>";
		};
		57B70B4D2D8434C50014194A /* MonteCristoQuotesTests */ = {
			isa = PBXFileSystemSynchronizedRootGroup;
			path = MonteCristoQuotesTests;
			sourceTree = "<group>";
		};
		57B70B572D8434C50014194A /* MonteCristoQuotesUITests */ = {
			isa = PBXFileSystemSynchronizedRootGroup;
			path = MonteCristoQuotesUITests;
			sourceTree = "<group>";
		};
/* End PBXFileSystemSynchronizedRootGroup section */

/* Begin PBXFrameworksBuildPhase section */
		57B70B362D8434C40014194A /* Frameworks */ = {
			isa = PBXFrameworksBuildPhase;
			buildActionMask = 2147483647;
			files = (
			);
			runOnlyForDeploymentPostprocessing = 0;
		};
		57B70B472D8434C50014194A /* Frameworks */ = {
			isa = PBXFrameworksBuildPhase;
			buildActionMask = 2147483647;
			files = (
			);
			runOnlyForDeploymentPostprocessing = 0;
		};
		57B70B512D8434C50014194A /* Frameworks */ = {
			isa = PBXFrameworksBuildPhase;
			buildActionMask = 2147483647;
			files = (
			);
			runOnlyForDeploymentPostprocessing = 0;
		};
/* End PBXFrameworksBuildPhase section */

/* Begin PBXGroup section */
		57B70B302D8434C40014194A = {
			isa = PBXGroup;
			children = (
				57B70B3B2D8434C40014194A /* MonteCristoQuotes */,
				57B70B4D2D8434C50014194A /* MonteCristoQuotesTests */,
				57B70B572D8434C50014194A /* MonteCristoQuotesUITests */,
				57B70B3A2D8434C40014194A /* Products */,
			);
			sourceTree = "<group>";
		};
		57B70B3A2D8434C40014194A /* Products */ = {
			isa = PBXGroup;
			children = (
				57B70B392D8434C40014194A /* Cristo Quotes.app */,
				57B70B4A2D8434C50014194A /* Cristo QuotesTests.xctest */,
				57B70B542D8434C50014194A /* Cristo QuotesUITests.xctest */,
			);
			name = Products;
			sourceTree = "<group>";
		};
/* End PBXGroup section */

/* Begin PBXNativeTarget section */
		57B70B382D8434C40014194A /* Cristo Quotes */ = {
			isa = PBXNativeTarget;
			buildConfigurationList = 57B70B5E2D8434C50014194A /* Build configuration list for PBXNativeTarget "Cristo Quotes" */;
			buildPhases = (
				57B70B352D8434C40014194A /* Sources */,
				57B70B362D8434C40014194A /* Frameworks */,
				57B70B372D8434C40014194A /* Resources */,
			);
			buildRules = (
			);
			dependencies = (
			);
			fileSystemSynchronizedGroups = (
				57B70B3B2D8434C40014194A /* MonteCristoQuotes */,
			);
			name = "Cristo Quotes";
			packageProductDependencies = (
			);
			productName = MonteCristoQuotes;
			productReference = 57B70B392D8434C40014194A /* Cristo Quotes.app */;
			productType = "com.apple.product-type.application";
		};
		57B70B492D8434C50014194A /* Cristo QuotesTests */ = {
			isa = PBXNativeTarget;
			buildConfigurationList = 57B70B612D8434C50014194A /* Build configuration list for PBXNativeTarget "Cristo QuotesTests" */;
			buildPhases = (
				57B70B462D8434C50014194A /* Sources */,
				57B70B472D8434C50014194A /* Frameworks */,
				57B70B482D8434C50014194A /* Resources */,
			);
			buildRules = (
			);
			dependencies = (
				57B70B4C2D8434C50014194A /* PBXTargetDependency */,
			);
			fileSystemSynchronizedGroups = (
				57B70B4D2D8434C50014194A /* MonteCristoQuotesTests */,
			);
			name = "Cristo QuotesTests";
			packageProductDependencies = (
			);
			productName = MonteCristoQuotesTests;
			productReference = 57B70B4A2D8434C50014194A /* Cristo QuotesTests.xctest */;
			productType = "com.apple.product-type.bundle.unit-test";
		};
		57B70B532D8434C50014194A /* Cristo QuotesUITests */ = {
			isa = PBXNativeTarget;
			buildConfigurationList = 57B70B642D8434C50014194A /* Build configuration list for PBXNativeTarget "Cristo QuotesUITests" */;
			buildPhases = (
				57B70B502D8434C50014194A /* Sources */,
				57B70B512D8434C50014194A /* Frameworks */,
				57B70B522D8434C50014194A /* Resources */,
			);
			buildRules = (
			);
			dependencies = (
				57B70B562D8434C50014194A /* PBXTargetDependency */,
			);
			fileSystemSynchronizedGroups = (
				57B70B572D8434C50014194A /* MonteCristoQuotesUITests */,
			);
			name = "Cristo QuotesUITests";
			packageProductDependencies = (
			);
			productName = MonteCristoQuotesUITests;
			productReference = 57B70B542D8434C50014194A /* Cristo QuotesUITests.xctest */;
			productType = "com.apple.product-type.bundle.ui-testing";
		};
/* End PBXNativeTarget section */

/* Begin PBXProject section */
		57B70B312D8434C40014194A /* Project object */ = {
			isa = PBXProject;
			attributes = {
				BuildIndependentTargetsInParallel = 1;
				LastSwiftUpdateCheck = 1620;
				LastUpgradeCheck = 1620;
				TargetAttributes = {
					57B70B382D8434C40014194A = {
						CreatedOnToolsVersion = 16.2;
					};
					57B70B492D8434C50014194A = {
						CreatedOnToolsVersion = 16.2;
						TestTargetID = 57B70B382D8434C40014194A;
					};
					57B70B532D8434C50014194A = {
						CreatedOnToolsVersion = 16.2;
						TestTargetID = 57B70B382D8434C40014194A;
					};
				};
			};
			buildConfigurationList = 57B70B342D8434C40014194A /* Build configuration list for PBXProject "Cristo Quotes" */;
			developmentRegion = en;
			hasScannedForEncodings = 0;
			knownRegions = (
				en,
				Base,
			);
			mainGroup = 57B70B302D8434C40014194A;
			minimizedProjectReferenceProxies = 1;
			preferredProjectObjectVersion = 77;
			productRefGroup = 57B70B3A2D8434C40014194A /* Products */;
			projectDirPath = "";
			projectRoot = "";
			targets = (
				57B70B382D8434C40014194A /* Cristo Quotes */,
				57B70B492D8434C50014194A /* Cristo QuotesTests */,
				57B70B532D8434C50014194A /* Cristo QuotesUITests */,
			);
		};
/* End PBXProject section */

/* Begin PBXResourcesBuildPhase section */
		57B70B372D8434C40014194A /* Resources */ = {
			isa = PBXResourcesBuildPhase;
			buildActionMask = 2147483647;
			files = (
			);
			runOnlyForDeploymentPostprocessing = 0;
		};
		57B70B482D8434C50014194A /* Resources */ = {
			isa = PBXResourcesBuildPhase;
			buildActionMask = 2147483647;
			files = (
			);
			runOnlyForDeploymentPostprocessing = 0;
		};
		57B70B522D8434C50014194A /* Resources */ = {
			isa = PBXResourcesBuildPhase;
			buildActionMask = 2147483647;
			files = (
			);
			runOnlyForDeploymentPostprocessing = 0;
		};
/* End PBXResourcesBuildPhase section */

/* Begin PBXSourcesBuildPhase section */
		57B70B352D8434C40014194A /* Sources */ = {
			isa = PBXSourcesBuildPhase;
			buildActionMask = 2147483647;
			files = (
			);
			runOnlyForDeploymentPostprocessing = 0;
		};
		57B70B462D8434C50014194A /* Sources */ = {
			isa = PBXSourcesBuildPhase;
			buildActionMask = 2147483647;
			files = (
			);
			runOnlyForDeploymentPostprocessing = 0;
		};
		57B70B502D8434C50014194A /* Sources */ = {
			isa = PBXSourcesBuildPhase;
			buildActionMask = 2147483647;
			files = (
			);
			runOnlyForDeploymentPostprocessing = 0;
		};
/* End PBXSourcesBuildPhase section */

/* Begin PBXTargetDependency section */
		57B70B4C2D8434C50014194A /* PBXTargetDependency */ = {
			isa = PBXTargetDependency;
			target = 57B70B382D8434C40014194A /* Cristo Quotes */;
			targetProxy = 57B70B4B2D8434C50014194A /* PBXContainerItemProxy */;
		};
		57B70B562D8434C50014194A /* PBXTargetDependency */ = {
			isa = PBXTargetDependency;
			target = 57B70B382D8434C40014194A /* Cristo Quotes */;
			targetProxy = 57B70B552D8434C50014194A /* PBXContainerItemProxy */;
		};
/* End PBXTargetDependency section */

/* Begin XCBuildConfiguration section */
		57B70B5C2D8434C50014194A /* Debug */ = {
			isa = XCBuildConfiguration;
			buildSettings = {
				ALWAYS_SEARCH_USER_PATHS = NO;
				ASSETCATALOG_COMPILER_GENERATE_SWIFT_ASSET_SYMBOL_EXTENSIONS = YES;
				CLANG_ANALYZER_NONNULL = YES;
				CLANG_ANALYZER_NUMBER_OBJECT_CONVERSION = YES_AGGRESSIVE;
				CLANG_CXX_LANGUAGE_STANDARD = "gnu++20";
				CLANG_ENABLE_MODULES = YES;
				CLANG_ENABLE_OBJC_ARC = YES;
				CLANG_ENABLE_OBJC_WEAK = YES;
				CLANG_WARN_BLOCK_CAPTURE_AUTORELEASING = YES;
				CLANG_WARN_BOOL_CONVERSION = YES;
				CLANG_WARN_COMMA = YES;
				CLANG_WARN_CONSTANT_CONVERSION = YES;
				CLANG_WARN_DEPRECATED_OBJC_IMPLEMENTATIONS = YES;
				CLANG_WARN_DIRECT_OBJC_ISA_USAGE = YES_ERROR;
				CLANG_WARN_DOCUMENTATION_COMMENTS = YES;
				CLANG_WARN_EMPTY_BODY = YES;
				CLANG_WARN_ENUM_CONVERSION = YES;
				CLANG_WARN_INFINITE_RECURSION = YES;
				CLANG_WARN_INT_CONVERSION = YES;
				CLANG_WARN_NON_LITERAL_NULL_CONVERSION = YES;
				CLANG_WARN_OBJC_IMPLICIT_RETAIN_SELF = YES;
				CLANG_WARN_OBJC_LITERAL_CONVERSION = YES;
				CLANG_WARN_OBJC_ROOT_CLASS = YES_ERROR;
				CLANG_WARN_QUOTED_INCLUDE_IN_FRAMEWORK_HEADER = YES;
				CLANG_WARN_RANGE_LOOP_ANALYSIS = YES;
				CLANG_WARN_STRICT_PROTOTYPES = YES;
				CLANG_WARN_SUSPICIOUS_MOVE = YES;
				CLANG_WARN_UNGUARDED_AVAILABILITY = YES_AGGRESSIVE;
				CLANG_WARN_UNREACHABLE_CODE = YES;
				CLANG_WARN__DUPLICATE_METHOD_MATCH = YES;
				COPY_PHASE_STRIP = NO;
				DEBUG_INFORMATION_FORMAT = dwarf;
				ENABLE_STRICT_OBJC_MSGSEND = YES;
				ENABLE_TESTABILITY = YES;
				ENABLE_USER_SCRIPT_SANDBOXING = YES;
				GCC_C_LANGUAGE_STANDARD = gnu17;
				GCC_DYNAMIC_NO_PIC = NO;
				GCC_NO_COMMON_BLOCKS = YES;
				GCC_OPTIMIZATION_LEVEL = 0;
				GCC_PREPROCESSOR_DEFINITIONS = (
					"DEBUG=1",
					"$(inherited)",
				);
				GCC_WARN_64_TO_32_BIT_CONVERSION = YES;
				GCC_WARN_ABOUT_RETURN_TYPE = YES_ERROR;
				GCC_WARN_UNDECLARED_SELECTOR = YES;
				GCC_WARN_UNINITIALIZED_AUTOS = YES_AGGRESSIVE;
				GCC_WARN_UNUSED_FUNCTION = YES;
				GCC_WARN_UNUSED_VARIABLE = YES;
				LOCALIZATION_PREFERS_STRING_CATALOGS = YES;
				MACOSX_DEPLOYMENT_TARGET = 15.2;
				MTL_ENABLE_DEBUG_INFO = INCLUDE_SOURCE;
				MTL_FAST_MATH = YES;
				ONLY_ACTIVE_ARCH = YES;
				SDKROOT = macosx;
				SWIFT_ACTIVE_COMPILATION_CONDITIONS = "DEBUG $(inherited)";
				SWIFT_OPTIMIZATION_LEVEL = "-Onone";
			};
			name = Debug;
		};
		57B70B5D2D8434C50014194A /* Release */ = {
			isa = XCBuildConfiguration;
			buildSettings = {
				ALWAYS_SEARCH_USER_PATHS = NO;
				ASSETCATALOG_COMPILER_GENERATE_SWIFT_ASSET_SYMBOL_EXTENSIONS = YES;
				CLANG_ANALYZER_NONNULL = YES;
				CLANG_ANALYZER_NUMBER_OBJECT_CONVERSION = YES_AGGRESSIVE;
				CLANG_CXX_LANGUAGE_STANDARD = "gnu++20";
				CLANG_ENABLE_MODULES = YES;
				CLANG_ENABLE_OBJC_ARC = YES;
				CLANG_ENABLE_OBJC_WEAK = YES;
				CLANG_WARN_BLOCK_CAPTURE_AUTORELEASING = YES;
				CLANG_WARN_BOOL_CONVERSION = YES;
				CLANG_WARN_COMMA = YES;
				CLANG_WARN_CONSTANT_CONVERSION = YES;
				CLANG_WARN_DEPRECATED_OBJC_IMPLEMENTATIONS = YES;
				CLANG_WARN_DIRECT_OBJC_ISA_USAGE = YES_ERROR;
				CLANG_WARN_DOCUMENTATION_COMMENTS = YES;
				CLANG_WARN_EMPTY_BODY = YES;
				CLANG_WARN_ENUM_CONVERSION = YES;
				CLANG_WARN_INFINITE_RECURSION = YES;
				CLANG_WARN_INT_CONVERSION = YES;
				CLANG_WARN_NON_LITERAL_NULL_CONVERSION = YES;
				CLANG_WARN_OBJC_IMPLICIT_RETAIN_SELF = YES;
				CLANG_WARN_OBJC_LITERAL_CONVERSION = YES;
				CLANG_WARN_OBJC_ROOT_CLASS = YES_ERROR;
				CLANG_WARN_QUOTED_INCLUDE_IN_FRAMEWORK_HEADER = YES;
				CLANG_WARN_RANGE_LOOP_ANALYSIS = YES;
				CLANG_WARN_STRICT_PROTOTYPES = YES;
				CLANG_WARN_SUSPICIOUS_MOVE = YES;
				CLANG_WARN_UNGUARDED_AVAILABILITY = YES_AGGRESSIVE;
				CLANG_WARN_UNREACHABLE_CODE = YES;
				CLANG_WARN__DUPLICATE_METHOD_MATCH = YES;
				COPY_PHASE_STRIP = NO;
				DEBUG_INFORMATION_FORMAT = "dwarf-with-dsym";
				ENABLE_NS_ASSERTIONS = NO;
				ENABLE_STRICT_OBJC_MSGSEND = YES;
				ENABLE_USER_SCRIPT_SANDBOXING = YES;
				GCC_C_LANGUAGE_STANDARD = gnu17;
				GCC_NO_COMMON_BLOCKS = YES;
				GCC_WARN_64_TO_32_BIT_CONVERSION = YES;
				GCC_WARN_ABOUT_RETURN_TYPE = YES_ERROR;
				GCC_WARN_UNDECLARED_SELECTOR = YES;
				GCC_WARN_UNINITIALIZED_AUTOS = YES_AGGRESSIVE;
				GCC_WARN_UNUSED_FUNCTION = YES;
				GCC_WARN_UNUSED_VARIABLE = YES;
				LOCALIZATION_PREFERS_STRING_CATALOGS = YES;
				MACOSX_DEPLOYMENT_TARGET = 15.2;
				MTL_ENABLE_DEBUG_INFO = NO;
				MTL_FAST_MATH = YES;
				SDKROOT = macosx;
				SWIFT_COMPILATION_MODE = wholemodule;
			};
			name = Release;
		};
		57B70B5F2D8434C50014194A /* Debug */ = {
			isa = XCBuildConfiguration;
			buildSettings = {
				ASSETCATALOG_COMPILER_APPICON_NAME = AppIcon;
				ASSETCATALOG_COMPILER_GLOBAL_ACCENT_COLOR_NAME = AccentColor;
				CODE_SIGN_ENTITLEMENTS = MonteCristoQuotes/MonteCristoQuotes.entitlements;
				CODE_SIGN_IDENTITY = "Apple Development";
				"CODE_SIGN_IDENTITY[sdk=macosx*]" = "3rd Party Mac Developer Application";
				CODE_SIGN_STYLE = Manual;
				COMBINE_HIDPI_IMAGES = YES;
				CURRENT_PROJECT_VERSION = 1;
				DEVELOPMENT_ASSET_PATHS = "\"MonteCristoQuotes/Preview Content\"";
				DEVELOPMENT_TEAM = "";
				"DEVELOPMENT_TEAM[sdk=macosx*]" = 6R9RTR33T3;
				ENABLE_HARDENED_RUNTIME = YES;
				ENABLE_PREVIEWS = YES;
				GENERATE_INFOPLIST_FILE = YES;
				INFOPLIST_KEY_CFBundleDisplayName = "";
				INFOPLIST_KEY_LSApplicationCategoryType = "public.app-category.books";
				INFOPLIST_KEY_LSUIElement = YES;
				INFOPLIST_KEY_NSHumanReadableCopyright = "";
				LD_RUNPATH_SEARCH_PATHS = (
					"$(inherited)",
					"@executable_path/../Frameworks",
				);
				MACOSX_DEPLOYMENT_TARGET = 14.6;
				MARKETING_VERSION = 1.0;
				PRODUCT_BUNDLE_IDENTIFIER = com.vschinazi.MonteCristoQuotes;
				PRODUCT_NAME = "$(TARGET_NAME)";
				PROVISIONING_PROFILE_SPECIFIER = "";
				SWIFT_EMIT_LOC_STRINGS = YES;
				SWIFT_VERSION = 5.0;
			};
			name = Debug;
		};
		57B70B602D8434C50014194A /* Release */ = {
			isa = XCBuildConfiguration;
			buildSettings = {
				ASSETCATALOG_COMPILER_APPICON_NAME = AppIcon;
				ASSETCATALOG_COMPILER_GLOBAL_ACCENT_COLOR_NAME = AccentColor;
				CODE_SIGN_ENTITLEMENTS = MonteCristoQuotes/MonteCristoQuotes.entitlements;
				CODE_SIGN_IDENTITY = "Apple Development";
				"CODE_SIGN_IDENTITY[sdk=macosx*]" = "3rd Party Mac Developer Application";
				CODE_SIGN_STYLE = Manual;
				COMBINE_HIDPI_IMAGES = YES;
				CURRENT_PROJECT_VERSION = 1;
				DEVELOPMENT_ASSET_PATHS = "\"MonteCristoQuotes/Preview Content\"";
				DEVELOPMENT_TEAM = "";
				"DEVELOPMENT_TEAM[sdk=macosx*]" = 6R9RTR33T3;
				ENABLE_HARDENED_RUNTIME = YES;
				ENABLE_PREVIEWS = YES;
				GENERATE_INFOPLIST_FILE = YES;
				INFOPLIST_KEY_CFBundleDisplayName = "";
				INFOPLIST_KEY_LSApplicationCategoryType = "public.app-category.books";
				INFOPLIST_KEY_LSUIElement = YES;
				INFOPLIST_KEY_NSHumanReadableCopyright = "";
				LD_RUNPATH_SEARCH_PATHS = (
					"$(inherited)",
					"@executable_path/../Frameworks",
				);
				MACOSX_DEPLOYMENT_TARGET = 14.6;
				MARKETING_VERSION = 1.0;
				PRODUCT_BUNDLE_IDENTIFIER = com.vschinazi.MonteCristoQuotes;
				PRODUCT_NAME = "$(TARGET_NAME)";
				PROVISIONING_PROFILE_SPECIFIER = "";
				SWIFT_EMIT_LOC_STRINGS = YES;
				SWIFT_VERSION = 5.0;
			};
			name = Release;
		};
		57B70B622D8434C50014194A /* Debug */ = {
			isa = XCBuildConfiguration;
			buildSettings = {
				BUNDLE_LOADER = "$(TEST_HOST)";
				CODE_SIGN_STYLE = Automatic;
				CURRENT_PROJECT_VERSION = 1;
				GENERATE_INFOPLIST_FILE = YES;
				MACOSX_DEPLOYMENT_TARGET = 15.2;
				MARKETING_VERSION = 1.0;
				PRODUCT_BUNDLE_IDENTIFIER = com.vschinazi.MonteCristoQuotesTests;
				PRODUCT_NAME = "$(TARGET_NAME)";
				SWIFT_EMIT_LOC_STRINGS = NO;
				SWIFT_VERSION = 5.0;
				TEST_HOST = "$(BUILT_PRODUCTS_DIR)/Cristo Quotes.app/$(BUNDLE_EXECUTABLE_FOLDER_PATH)/Cristo Quotes";
			};
			name = Debug;
		};
		57B70B632D8434C50014194A /* Release */ = {
			isa = XCBuildConfiguration;
			buildSettings = {
				BUNDLE_LOADER = "$(TEST_HOST)";
				CODE_SIGN_STYLE = Automatic;
				CURRENT_PROJECT_VERSION = 1;
				GENERATE_INFOPLIST_FILE = YES;
				MACOSX_DEPLOYMENT_TARGET = 15.2;
				MARKETING_VERSION = 1.0;
				PRODUCT_BUNDLE_IDENTIFIER = com.vschinazi.MonteCristoQuotesTests;
				PRODUCT_NAME = "$(TARGET_NAME)";
				SWIFT_EMIT_LOC_STRINGS = NO;
				SWIFT_VERSION = 5.0;
				TEST_HOST = "$(BUILT_PRODUCTS_DIR)/Cristo Quotes.app/$(BUNDLE_EXECUTABLE_FOLDER_PATH)/Cristo Quotes";
			};
			name = Release;
		};
		57B70B652D8434C50014194A /* Debug */ = {
			isa = XCBuildConfiguration;
			buildSettings = {
				CODE_SIGN_STYLE = Automatic;
				CURRENT_PROJECT_VERSION = 1;
				GENERATE_INFOPLIST_FILE = YES;
				MARKETING_VERSION = 1.0;
				PRODUCT_BUNDLE_IDENTIFIER = com.vschinazi.MonteCristoQuotesUITests;
				PRODUCT_NAME = "$(TARGET_NAME)";
				SWIFT_EMIT_LOC_STRINGS = NO;
				SWIFT_VERSION = 5.0;
				TEST_TARGET_NAME = MonteCristoQuotes;
			};
			name = Debug;
		};
		57B70B662D8434C50014194A /* Release */ = {
			isa = XCBuildConfiguration;
			buildSettings = {
				CODE_SIGN_STYLE = Automatic;
				CURRENT_PROJECT_VERSION = 1;
				GENERATE_INFOPLIST_FILE = YES;
				MARKETING_VERSION = 1.0;
				PRODUCT_BUNDLE_IDENTIFIER = com.vschinazi.MonteCristoQuotesUITests;
				PRODUCT_NAME = "$(TARGET_NAME)";
				SWIFT_EMIT_LOC_STRINGS = NO;
				SWIFT_VERSION = 5.0;
				TEST_TARGET_NAME = MonteCristoQuotes;
			};
			name = Release;
		};
/* End XCBuildConfiguration section */

/* Begin XCConfigurationList section */
		57B70B342D8434C40014194A /* Build configuration list for PBXProject "Cristo Quotes" */ = {
			isa = XCConfigurationList;
			buildConfigurations = (
				57B70B5C2D8434C50014194A /* Debug */,
				57B70B5D2D8434C50014194A /* Release */,
			);
			defaultConfigurationIsVisible = 0;
			defaultConfigurationName = Release;
		};
		57B70B5E2D8434C50014194A /* Build configuration list for PBXNativeTarget "Cristo Quotes" */ = {
			isa = XCConfigurationList;
			buildConfigurations = (
				57B70B5F2D8434C50014194A /* Debug */,
				57B70B602D8434C50014194A /* Release */,
			);
			defaultConfigurationIsVisible = 0;
			defaultConfigurationName = Release;
		};
		57B70B612D8434C50014194A /* Build configuration list for PBXNativeTarget "Cristo QuotesTests" */ = {
			isa = XCConfigurationList;
			buildConfigurations = (
				57B70B622D8434C50014194A /* Debug */,
				57B70B632D8434C50014194A /* Release */,
			);
			defaultConfigurationIsVisible = 0;
			defaultConfigurationName = Release;
		};
		57B70B642D8434C50014194A /* Build configuration list for PBXNativeTarget "Cristo QuotesUITests" */ = {
			isa = XCConfigurationList;
			buildConfigurations = (
				57B70B652D8434C50014194A /* Debug */,
				57B70B662D8434C50014194A /* Release */,
			);
			defaultConfigurationIsVisible = 0;
			defaultConfigurationName = Release;
		};
/* End XCConfigurationList section */
	};
	rootObject = 57B70B312D8434C40014194A /* Project object */;
}
